
Microsoft Visual Studio Solution File, Format Version 12.00
# Visual Studio 2012
Project("{FAE04EC0-301F-11D3-BF4B-00C04F79EFBC}") = "Dungeons and Dragon dice", "Dungeons and Dragon dice\Dungeons and Dragon dice.csproj", "{2C2BE2BA-7906-486E-8E3F-4DACA67FE35E}"
EndProject
Global
	GlobalSection(SolutionConfigurationPlatforms) = preSolution
		Debug|Any CPU = Debug|Any CPU
		Release|Any CPU = Release|Any CPU
	EndGlobalSection
	GlobalSection(ProjectConfigurationPlatforms) = postSolution
		{2C2BE2BA-7906-486E-8E3F-4DACA67FE35E}.Debug|Any CPU.ActiveCfg = Debug|Any CPU
		{2C2BE2BA-7906-486E-8E3F-4DACA67FE35E}.Debug|Any CPU.Build.0 = Debug|Any CPU
		{2C2BE2BA-7906-486E-8E3F-4DACA67FE35E}.Release|Any CPU.ActiveCfg = Release|Any CPU
		{2C2BE2BA-7906-486E-8E3F-4DACA67FE35E}.Release|Any CPU.Build.0 = Release|Any CPU
	EndGlobalSection
	GlobalSection(SolutionProperties) = preSolution
		HideSolutionNode = FALSE
	EndGlobalSection
EndGlobal
